// !$*UTF8*$!
{
	archiveVersion = 1;
	classes = {
	};
	objectVersion = 56;
	objects = {

/* Begin PBXBuildFile section */
		170376E82BF40A7700A05E36 /* ImagePicker.swift in Sources */ = {isa = PBXBuildFile; fileRef = 170376E72BF40A7700A05E36 /* ImagePicker.swift */; };
		170376EA2BF4119300A05E36 /* DrawingViewModel.swift in Sources */ = {isa = PBXBuildFile; fileRef = 170376E92BF4119300A05E36 /* DrawingViewModel.swift */; };
		170376EC2BF4164C00A05E36 /* DrawingScreen.swift in Sources */ = {isa = PBXBuildFile; fileRef = 170376EB2BF4164C00A05E36 /* DrawingScreen.swift */; };
		170376EE2BF4226C00A05E36 /* TextBox.swift in Sources */ = {isa = PBXBuildFile; fileRef = 170376ED2BF4226C00A05E36 /* TextBox.swift */; };
		173A206E2BF322C70015B275 /* String + Extension.swift in Sources */ = {isa = PBXBuildFile; fileRef = 173A206D2BF322C70015B275 /* String + Extension.swift */; };
		173A20702BF323870015B275 /* AppAuthError.swift in Sources */ = {isa = PBXBuildFile; fileRef = 173A206F2BF323870015B275 /* AppAuthError.swift */; };
		173A20732BF326840015B275 /* HomeView.swift in Sources */ = {isa = PBXBuildFile; fileRef = 173A20722BF326840015B275 /* HomeView.swift */; };
		173A20752BF32D3F0015B275 /* RegisterView.swift in Sources */ = {isa = PBXBuildFile; fileRef = 173A20742BF32D3F0015B275 /* RegisterView.swift */; };
		173A20782BF32EFD0015B275 /* RegisterViewModel.swift in Sources */ = {isa = PBXBuildFile; fileRef = 173A20772BF32EFD0015B275 /* RegisterViewModel.swift */; };
		173A207C2BF33AC60015B275 /* ForgotPasswordView.swift in Sources */ = {isa = PBXBuildFile; fileRef = 173A207B2BF33AC60015B275 /* ForgotPasswordView.swift */; };
		173A20822BF370770015B275 /* FocusableField.swift in Sources */ = {isa = PBXBuildFile; fileRef = 173A20812BF370770015B275 /* FocusableField.swift */; };
		173A20852BF39A290015B275 /* ForgotPasswordViewModel.swift in Sources */ = {isa = PBXBuildFile; fileRef = 173A20842BF39A290015B275 /* ForgotPasswordViewModel.swift */; };
		17A89F9A2BF204DE00DC436E /* EditorPhotoApp.swift in Sources */ = {isa = PBXBuildFile; fileRef = 17A89F992BF204DE00DC436E /* EditorPhotoApp.swift */; };
		17A89F9C2BF204DE00DC436E /* LogintView.swift in Sources */ = {isa = PBXBuildFile; fileRef = 17A89F9B2BF204DE00DC436E /* LogintView.swift */; };
		17A89F9E2BF204E000DC436E /* Assets.xcassets in Resources */ = {isa = PBXBuildFile; fileRef = 17A89F9D2BF204E000DC436E /* Assets.xcassets */; };
		17A89FA12BF204E000DC436E /* Preview Assets.xcassets in Resources */ = {isa = PBXBuildFile; fileRef = 17A89FA02BF204E000DC436E /* Preview Assets.xcassets */; };
		17E668CD2BF207F9009E2638 /* LoginViewModel.swift in Sources */ = {isa = PBXBuildFile; fileRef = 17E668CC2BF207F9009E2638 /* LoginViewModel.swift */; };
		17E668D02BF21468009E2638 /* FirebaseTextField.swift in Sources */ = {isa = PBXBuildFile; fileRef = 17E668CF2BF21468009E2638 /* FirebaseTextField.swift */; };
		17E668D82BF24998009E2638 /* FirebaseSecureTextField.swift in Sources */ = {isa = PBXBuildFile; fileRef = 17E668D72BF24998009E2638 /* FirebaseSecureTextField.swift */; };
		17E668DA2BF253BE009E2638 /* GoogleService-Info.plist in Resources */ = {isa = PBXBuildFile; fileRef = 17E668D92BF253BE009E2638 /* GoogleService-Info.plist */; };
		17E668DD2BF25438009E2638 /* FirebaseAuth in Frameworks */ = {isa = PBXBuildFile; productRef = 17E668DC2BF25438009E2638 /* FirebaseAuth */; };
		17E668DF2BF25438009E2638 /* FirebaseAuthCombine-Community in Frameworks */ = {isa = PBXBuildFile; productRef = 17E668DE2BF25438009E2638 /* FirebaseAuthCombine-Community */; };
		17E668E22BF256A3009E2638 /* AuthService.swift in Sources */ = {isa = PBXBuildFile; fileRef = 17E668E12BF256A3009E2638 /* AuthService.swift */; };
/* End PBXBuildFile section */

/* Begin PBXFileReference section */
		170376E72BF40A7700A05E36 /* ImagePicker.swift */ = {isa = PBXFileReference; lastKnownFileType = sourcecode.swift; path = ImagePicker.swift; sourceTree = "<group>"; };
		170376E92BF4119300A05E36 /* DrawingViewModel.swift */ = {isa = PBXFileReference; lastKnownFileType = sourcecode.swift; path = DrawingViewModel.swift; sourceTree = "<group>"; };
		170376EB2BF4164C00A05E36 /* DrawingScreen.swift */ = {isa = PBXFileReference; lastKnownFileType = sourcecode.swift; path = DrawingScreen.swift; sourceTree = "<group>"; };
		170376ED2BF4226C00A05E36 /* TextBox.swift */ = {isa = PBXFileReference; lastKnownFileType = sourcecode.swift; path = TextBox.swift; sourceTree = "<group>"; };
		173A206D2BF322C70015B275 /* String + Extension.swift */ = {isa = PBXFileReference; lastKnownFileType = sourcecode.swift; path = "String + Extension.swift"; sourceTree = "<group>"; };
		173A206F2BF323870015B275 /* AppAuthError.swift */ = {isa = PBXFileReference; lastKnownFileType = sourcecode.swift; path = AppAuthError.swift; sourceTree = "<group>"; };
		173A20722BF326840015B275 /* HomeView.swift */ = {isa = PBXFileReference; lastKnownFileType = sourcecode.swift; path = HomeView.swift; sourceTree = "<group>"; };
		173A20742BF32D3F0015B275 /* RegisterView.swift */ = {isa = PBXFileReference; lastKnownFileType = sourcecode.swift; path = RegisterView.swift; sourceTree = "<group>"; };
		173A20772BF32EFD0015B275 /* RegisterViewModel.swift */ = {isa = PBXFileReference; lastKnownFileType = sourcecode.swift; path = RegisterViewModel.swift; sourceTree = "<group>"; };
		173A207B2BF33AC60015B275 /* ForgotPasswordView.swift */ = {isa = PBXFileReference; lastKnownFileType = sourcecode.swift; path = ForgotPasswordView.swift; sourceTree = "<group>"; };
		173A20812BF370770015B275 /* FocusableField.swift */ = {isa = PBXFileReference; lastKnownFileType = sourcecode.swift; path = FocusableField.swift; sourceTree = "<group>"; };
		173A20842BF39A290015B275 /* ForgotPasswordViewModel.swift */ = {isa = PBXFileReference; lastKnownFileType = sourcecode.swift; path = ForgotPasswordViewModel.swift; sourceTree = "<group>"; };
		17A89F962BF204DE00DC436E /* EditorPhoto.app */ = {isa = PBXFileReference; explicitFileType = wrapper.application; includeInIndex = 0; path = EditorPhoto.app; sourceTree = BUILT_PRODUCTS_DIR; };
		17A89F992BF204DE00DC436E /* EditorPhotoApp.swift */ = {isa = PBXFileReference; lastKnownFileType = sourcecode.swift; path = EditorPhotoApp.swift; sourceTree = "<group>"; };
		17A89F9B2BF204DE00DC436E /* LogintView.swift */ = {isa = PBXFileReference; lastKnownFileType = sourcecode.swift; path = LogintView.swift; sourceTree = "<group>"; };
		17A89F9D2BF204E000DC436E /* Assets.xcassets */ = {isa = PBXFileReference; lastKnownFileType = folder.assetcatalog; path = Assets.xcassets; sourceTree = "<group>"; };
		17A89FA02BF204E000DC436E /* Preview Assets.xcassets */ = {isa = PBXFileReference; lastKnownFileType = folder.assetcatalog; path = "Preview Assets.xcassets"; sourceTree = "<group>"; };
		17E668CC2BF207F9009E2638 /* LoginViewModel.swift */ = {isa = PBXFileReference; lastKnownFileType = sourcecode.swift; path = LoginViewModel.swift; sourceTree = "<group>"; };
		17E668CF2BF21468009E2638 /* FirebaseTextField.swift */ = {isa = PBXFileReference; lastKnownFileType = sourcecode.swift; path = FirebaseTextField.swift; sourceTree = "<group>"; };
		17E668D72BF24998009E2638 /* FirebaseSecureTextField.swift */ = {isa = PBXFileReference; lastKnownFileType = sourcecode.swift; path = FirebaseSecureTextField.swift; sourceTree = "<group>"; };
		17E668D92BF253BE009E2638 /* GoogleService-Info.plist */ = {isa = PBXFileReference; fileEncoding = 4; lastKnownFileType = text.plist.xml; path = "GoogleService-Info.plist"; sourceTree = "<group>"; };
		17E668E12BF256A3009E2638 /* AuthService.swift */ = {isa = PBXFileReference; lastKnownFileType = sourcecode.swift; path = AuthService.swift; sourceTree = "<group>"; };
/* End PBXFileReference section */

/* Begin PBXFrameworksBuildPhase section */
		17A89F932BF204DE00DC436E /* Frameworks */ = {
			isa = PBXFrameworksBuildPhase;
			buildActionMask = 2147483647;
			files = (
				17E668DD2BF25438009E2638 /* FirebaseAuth in Frameworks */,
				17E668DF2BF25438009E2638 /* FirebaseAuthCombine-Community in Frameworks */,
			);
			runOnlyForDeploymentPostprocessing = 0;
		};
/* End PBXFrameworksBuildPhase section */

/* Begin PBXGroup section */
		170376E42BF409ED00A05E36 /* View */ = {
			isa = PBXGroup;
			children = (
				173A20722BF326840015B275 /* HomeView.swift */,
				170376E72BF40A7700A05E36 /* ImagePicker.swift */,
				170376EB2BF4164C00A05E36 /* DrawingScreen.swift */,
			);
			path = View;
			sourceTree = "<group>";
		};
		170376E52BF409F400A05E36 /* Model */ = {
			isa = PBXGroup;
			children = (
				170376ED2BF4226C00A05E36 /* TextBox.swift */,
			);
			path = Model;
			sourceTree = "<group>";
		};
		170376E62BF409FC00A05E36 /* ViewModel */ = {
			isa = PBXGroup;
			children = (
				170376E92BF4119300A05E36 /* DrawingViewModel.swift */,
			);
			path = ViewModel;
			sourceTree = "<group>";
		};
		173A206C2BF322B30015B275 /* Extensions */ = {
			isa = PBXGroup;
			children = (
				173A206D2BF322C70015B275 /* String + Extension.swift */,
			);
			path = Extensions;
			sourceTree = "<group>";
		};
		173A20712BF326770015B275 /* HomeModule */ = {
			isa = PBXGroup;
			children = (
				170376E62BF409FC00A05E36 /* ViewModel */,
				170376E52BF409F400A05E36 /* Model */,
				170376E42BF409ED00A05E36 /* View */,
			);
			path = HomeModule;
			sourceTree = "<group>";
		};
		173A20762BF32EE60015B275 /* RegisterModule */ = {
			isa = PBXGroup;
			children = (
				173A20742BF32D3F0015B275 /* RegisterView.swift */,
				173A20772BF32EFD0015B275 /* RegisterViewModel.swift */,
			);
			path = RegisterModule;
			sourceTree = "<group>";
		};
		173A20792BF331910015B275 /* Utils */ = {
			isa = PBXGroup;
			children = (
				17E668CF2BF21468009E2638 /* FirebaseTextField.swift */,
				17E668D72BF24998009E2638 /* FirebaseSecureTextField.swift */,
				173A20812BF370770015B275 /* FocusableField.swift */,
			);
			path = Utils;
			sourceTree = "<group>";
		};
		173A20832BF39A0B0015B275 /* ForgorPasswordModule */ = {
			isa = PBXGroup;
			children = (
				173A207B2BF33AC60015B275 /* ForgotPasswordView.swift */,
				173A20842BF39A290015B275 /* ForgotPasswordViewModel.swift */,
			);
			path = ForgorPasswordModule;
			sourceTree = "<group>";
		};
		17A89F8D2BF204DE00DC436E = {
			isa = PBXGroup;
			children = (
				17A89F982BF204DE00DC436E /* EditorPhoto */,
				17A89F972BF204DE00DC436E /* Products */,
			);
			sourceTree = "<group>";
		};
		17A89F972BF204DE00DC436E /* Products */ = {
			isa = PBXGroup;
			children = (
				17A89F962BF204DE00DC436E /* EditorPhoto.app */,
			);
			name = Products;
			sourceTree = "<group>";
		};
		17A89F982BF204DE00DC436E /* EditorPhoto */ = {
			isa = PBXGroup;
			children = (
				17A89F992BF204DE00DC436E /* EditorPhotoApp.swift */,
				17E668C92BF20673009E2638 /* LoginModule */,
				173A20832BF39A0B0015B275 /* ForgorPasswordModule */,
				173A20762BF32EE60015B275 /* RegisterModule */,
				173A20712BF326770015B275 /* HomeModule */,
				173A20792BF331910015B275 /* Utils */,
				173A206C2BF322B30015B275 /* Extensions */,
				17E668E02BF255EA009E2638 /* Services */,
				17A89F9F2BF204E000DC436E /* Preview Content */,
				17E668D92BF253BE009E2638 /* GoogleService-Info.plist */,
				17A89F9D2BF204E000DC436E /* Assets.xcassets */,
			);
			path = EditorPhoto;
			sourceTree = "<group>";
		};
		17A89F9F2BF204E000DC436E /* Preview Content */ = {
			isa = PBXGroup;
			children = (
				17A89FA02BF204E000DC436E /* Preview Assets.xcassets */,
			);
			path = "Preview Content";
			sourceTree = "<group>";
		};
		17E668C92BF20673009E2638 /* LoginModule */ = {
			isa = PBXGroup;
			children = (
				17A89F9B2BF204DE00DC436E /* LogintView.swift */,
				17E668CC2BF207F9009E2638 /* LoginViewModel.swift */,
			);
			path = LoginModule;
			sourceTree = "<group>";
		};
		17E668E02BF255EA009E2638 /* Services */ = {
			isa = PBXGroup;
			children = (
				17E668E12BF256A3009E2638 /* AuthService.swift */,
				173A206F2BF323870015B275 /* AppAuthError.swift */,
			);
			path = Services;
			sourceTree = "<group>";
		};
/* End PBXGroup section */

/* Begin PBXNativeTarget section */
		17A89F952BF204DE00DC436E /* EditorPhoto */ = {
			isa = PBXNativeTarget;
			buildConfigurationList = 17A89FA42BF204E000DC436E /* Build configuration list for PBXNativeTarget "EditorPhoto" */;
			buildPhases = (
				17A89F922BF204DE00DC436E /* Sources */,
				17A89F932BF204DE00DC436E /* Frameworks */,
				17A89F942BF204DE00DC436E /* Resources */,
			);
			buildRules = (
			);
			dependencies = (
			);
			name = EditorPhoto;
			packageProductDependencies = (
				17E668DC2BF25438009E2638 /* FirebaseAuth */,
				17E668DE2BF25438009E2638 /* FirebaseAuthCombine-Community */,
			);
			productName = EditorPhoto;
			productReference = 17A89F962BF204DE00DC436E /* EditorPhoto.app */;
			productType = "com.apple.product-type.application";
		};
/* End PBXNativeTarget section */

/* Begin PBXProject section */
		17A89F8E2BF204DE00DC436E /* Project object */ = {
			isa = PBXProject;
			attributes = {
				BuildIndependentTargetsInParallel = 1;
				LastSwiftUpdateCheck = 1530;
				LastUpgradeCheck = 1530;
				TargetAttributes = {
					17A89F952BF204DE00DC436E = {
						CreatedOnToolsVersion = 15.3;
					};
				};
			};
			buildConfigurationList = 17A89F912BF204DE00DC436E /* Build configuration list for PBXProject "EditorPhoto" */;
			compatibilityVersion = "Xcode 14.0";
			developmentRegion = en;
			hasScannedForEncodings = 0;
			knownRegions = (
				en,
				Base,
			);
			mainGroup = 17A89F8D2BF204DE00DC436E;
			packageReferences = (
				17E668DB2BF25437009E2638 /* XCRemoteSwiftPackageReference "firebase-ios-sdk" */,
			);
			productRefGroup = 17A89F972BF204DE00DC436E /* Products */;
			projectDirPath = "";
			projectRoot = "";
			targets = (
				17A89F952BF204DE00DC436E /* EditorPhoto */,
			);
		};
/* End PBXProject section */

/* Begin PBXResourcesBuildPhase section */
		17A89F942BF204DE00DC436E /* Resources */ = {
			isa = PBXResourcesBuildPhase;
			buildActionMask = 2147483647;
			files = (
				17A89FA12BF204E000DC436E /* Preview Assets.xcassets in Resources */,
				17A89F9E2BF204E000DC436E /* Assets.xcassets in Resources */,
				17E668DA2BF253BE009E2638 /* GoogleService-Info.plist in Resources */,
			);
			runOnlyForDeploymentPostprocessing = 0;
		};
/* End PBXResourcesBuildPhase section */

/* Begin PBXSourcesBuildPhase section */
		17A89F922BF204DE00DC436E /* Sources */ = {
			isa = PBXSourcesBuildPhase;
			buildActionMask = 2147483647;
			files = (
				173A20752BF32D3F0015B275 /* RegisterView.swift in Sources */,
				173A20732BF326840015B275 /* HomeView.swift in Sources */,
				17A89F9C2BF204DE00DC436E /* LogintView.swift in Sources */,
				17E668D82BF24998009E2638 /* FirebaseSecureTextField.swift in Sources */,
				173A20782BF32EFD0015B275 /* RegisterViewModel.swift in Sources */,
				170376EC2BF4164C00A05E36 /* DrawingScreen.swift in Sources */,
				173A20702BF323870015B275 /* AppAuthError.swift in Sources */,
				173A20822BF370770015B275 /* FocusableField.swift in Sources */,
				173A206E2BF322C70015B275 /* String + Extension.swift in Sources */,
				17E668D02BF21468009E2638 /* FirebaseTextField.swift in Sources */,
				170376EE2BF4226C00A05E36 /* TextBox.swift in Sources */,
				170376EA2BF4119300A05E36 /* DrawingViewModel.swift in Sources */,
				17E668E22BF256A3009E2638 /* AuthService.swift in Sources */,
				173A20852BF39A290015B275 /* ForgotPasswordViewModel.swift in Sources */,
				17A89F9A2BF204DE00DC436E /* EditorPhotoApp.swift in Sources */,
				170376E82BF40A7700A05E36 /* ImagePicker.swift in Sources */,
				173A207C2BF33AC60015B275 /* ForgotPasswordView.swift in Sources */,
				17E668CD2BF207F9009E2638 /* LoginViewModel.swift in Sources */,
			);
			runOnlyForDeploymentPostprocessing = 0;
		};
/* End PBXSourcesBuildPhase section */

/* Begin XCBuildConfiguration section */
		17A89FA22BF204E000DC436E /* Debug */ = {
			isa = XCBuildConfiguration;
			buildSettings = {
				ALWAYS_SEARCH_USER_PATHS = NO;
				ASSETCATALOG_COMPILER_GENERATE_SWIFT_ASSET_SYMBOL_EXTENSIONS = YES;
				CLANG_ANALYZER_NONNULL = YES;
				CLANG_ANALYZER_NUMBER_OBJECT_CONVERSION = YES_AGGRESSIVE;
				CLANG_CXX_LANGUAGE_STANDARD = "gnu++20";
				CLANG_ENABLE_MODULES = YES;
				CLANG_ENABLE_OBJC_ARC = YES;
				CLANG_ENABLE_OBJC_WEAK = YES;
				CLANG_WARN_BLOCK_CAPTURE_AUTORELEASING = YES;
				CLANG_WARN_BOOL_CONVERSION = YES;
				CLANG_WARN_COMMA = YES;
				CLANG_WARN_CONSTANT_CONVERSION = YES;
				CLANG_WARN_DEPRECATED_OBJC_IMPLEMENTATIONS = YES;
				CLANG_WARN_DIRECT_OBJC_ISA_USAGE = YES_ERROR;
				CLANG_WARN_DOCUMENTATION_COMMENTS = YES;
				CLANG_WARN_EMPTY_BODY = YES;
				CLANG_WARN_ENUM_CONVERSION = YES;
				CLANG_WARN_INFINITE_RECURSION = YES;
				CLANG_WARN_INT_CONVERSION = YES;
				CLANG_WARN_NON_LITERAL_NULL_CONVERSION = YES;
				CLANG_WARN_OBJC_IMPLICIT_RETAIN_SELF = YES;
				CLANG_WARN_OBJC_LITERAL_CONVERSION = YES;
				CLANG_WARN_OBJC_ROOT_CLASS = YES_ERROR;
				CLANG_WARN_QUOTED_INCLUDE_IN_FRAMEWORK_HEADER = YES;
				CLANG_WARN_RANGE_LOOP_ANALYSIS = YES;
				CLANG_WARN_STRICT_PROTOTYPES = YES;
				CLANG_WARN_SUSPICIOUS_MOVE = YES;
				CLANG_WARN_UNGUARDED_AVAILABILITY = YES_AGGRESSIVE;
				CLANG_WARN_UNREACHABLE_CODE = YES;
				CLANG_WARN__DUPLICATE_METHOD_MATCH = YES;
				COPY_PHASE_STRIP = NO;
				DEBUG_INFORMATION_FORMAT = dwarf;
				ENABLE_STRICT_OBJC_MSGSEND = YES;
				ENABLE_TESTABILITY = YES;
				ENABLE_USER_SCRIPT_SANDBOXING = YES;
				GCC_C_LANGUAGE_STANDARD = gnu17;
				GCC_DYNAMIC_NO_PIC = NO;
				GCC_NO_COMMON_BLOCKS = YES;
				GCC_OPTIMIZATION_LEVEL = 0;
				GCC_PREPROCESSOR_DEFINITIONS = (
					"DEBUG=1",
					"$(inherited)",
				);
				GCC_WARN_64_TO_32_BIT_CONVERSION = YES;
				GCC_WARN_ABOUT_RETURN_TYPE = YES_ERROR;
				GCC_WARN_UNDECLARED_SELECTOR = YES;
				GCC_WARN_UNINITIALIZED_AUTOS = YES_AGGRESSIVE;
				GCC_WARN_UNUSED_FUNCTION = YES;
				GCC_WARN_UNUSED_VARIABLE = YES;
				IPHONEOS_DEPLOYMENT_TARGET = 17.4;
				LOCALIZATION_PREFERS_STRING_CATALOGS = YES;
				MTL_ENABLE_DEBUG_INFO = INCLUDE_SOURCE;
				MTL_FAST_MATH = YES;
				ONLY_ACTIVE_ARCH = YES;
				SDKROOT = iphoneos;
				SWIFT_ACTIVE_COMPILATION_CONDITIONS = "DEBUG $(inherited)";
				SWIFT_OPTIMIZATION_LEVEL = "-Onone";
			};
			name = Debug;
		};
		17A89FA32BF204E000DC436E /* Release */ = {
			isa = XCBuildConfiguration;
			buildSettings = {
				ALWAYS_SEARCH_USER_PATHS = NO;
				ASSETCATALOG_COMPILER_GENERATE_SWIFT_ASSET_SYMBOL_EXTENSIONS = YES;
				CLANG_ANALYZER_NONNULL = YES;
				CLANG_ANALYZER_NUMBER_OBJECT_CONVERSION = YES_AGGRESSIVE;
				CLANG_CXX_LANGUAGE_STANDARD = "gnu++20";
				CLANG_ENABLE_MODULES = YES;
				CLANG_ENABLE_OBJC_ARC = YES;
				CLANG_ENABLE_OBJC_WEAK = YES;
				CLANG_WARN_BLOCK_CAPTURE_AUTORELEASING = YES;
				CLANG_WARN_BOOL_CONVERSION = YES;
				CLANG_WARN_COMMA = YES;
				CLANG_WARN_CONSTANT_CONVERSION = YES;
				CLANG_WARN_DEPRECATED_OBJC_IMPLEMENTATIONS = YES;
				CLANG_WARN_DIRECT_OBJC_ISA_USAGE = YES_ERROR;
				CLANG_WARN_DOCUMENTATION_COMMENTS = YES;
				CLANG_WARN_EMPTY_BODY = YES;
				CLANG_WARN_ENUM_CONVERSION = YES;
				CLANG_WARN_INFINITE_RECURSION = YES;
				CLANG_WARN_INT_CONVERSION = YES;
				CLANG_WARN_NON_LITERAL_NULL_CONVERSION = YES;
				CLANG_WARN_OBJC_IMPLICIT_RETAIN_SELF = YES;
				CLANG_WARN_OBJC_LITERAL_CONVERSION = YES;
				CLANG_WARN_OBJC_ROOT_CLASS = YES_ERROR;
				CLANG_WARN_QUOTED_INCLUDE_IN_FRAMEWORK_HEADER = YES;
				CLANG_WARN_RANGE_LOOP_ANALYSIS = YES;
				CLANG_WARN_STRICT_PROTOTYPES = YES;
				CLANG_WARN_SUSPICIOUS_MOVE = YES;
				CLANG_WARN_UNGUARDED_AVAILABILITY = YES_AGGRESSIVE;
				CLANG_WARN_UNREACHABLE_CODE = YES;
				CLANG_WARN__DUPLICATE_METHOD_MATCH = YES;
				COPY_PHASE_STRIP = NO;
				DEBUG_INFORMATION_FORMAT = "dwarf-with-dsym";
				ENABLE_NS_ASSERTIONS = NO;
				ENABLE_STRICT_OBJC_MSGSEND = YES;
				ENABLE_USER_SCRIPT_SANDBOXING = YES;
				GCC_C_LANGUAGE_STANDARD = gnu17;
				GCC_NO_COMMON_BLOCKS = YES;
				GCC_WARN_64_TO_32_BIT_CONVERSION = YES;
				GCC_WARN_ABOUT_RETURN_TYPE = YES_ERROR;
				GCC_WARN_UNDECLARED_SELECTOR = YES;
				GCC_WARN_UNINITIALIZED_AUTOS = YES_AGGRESSIVE;
				GCC_WARN_UNUSED_FUNCTION = YES;
				GCC_WARN_UNUSED_VARIABLE = YES;
				IPHONEOS_DEPLOYMENT_TARGET = 17.4;
				LOCALIZATION_PREFERS_STRING_CATALOGS = YES;
				MTL_ENABLE_DEBUG_INFO = NO;
				MTL_FAST_MATH = YES;
				SDKROOT = iphoneos;
				SWIFT_COMPILATION_MODE = wholemodule;
				VALIDATE_PRODUCT = YES;
			};
			name = Release;
		};
		17A89FA52BF204E000DC436E /* Debug */ = {
			isa = XCBuildConfiguration;
			buildSettings = {
				ASSETCATALOG_COMPILER_APPICON_NAME = AppIcon;
				ASSETCATALOG_COMPILER_GLOBAL_ACCENT_COLOR_NAME = AccentColor;
				CODE_SIGN_STYLE = Automatic;
				CURRENT_PROJECT_VERSION = 1;
				DEVELOPMENT_ASSET_PATHS = "\"EditorPhoto/Preview Content\"";
				DEVELOPMENT_TEAM = 6CZNS4ZZ97;
				ENABLE_PREVIEWS = YES;
				GENERATE_INFOPLIST_FILE = YES;
				INFOPLIST_KEY_NSPhotoLibraryAddUsageDescription = "";
				INFOPLIST_KEY_UIApplicationSceneManifest_Generation = YES;
				INFOPLIST_KEY_UIApplicationSupportsIndirectInputEvents = YES;
				INFOPLIST_KEY_UILaunchScreen_Generation = YES;
				INFOPLIST_KEY_UISupportedInterfaceOrientations = UIInterfaceOrientationPortrait;
				INFOPLIST_KEY_UISupportedInterfaceOrientations_iPad = "UIInterfaceOrientationLandscapeLeft UIInterfaceOrientationLandscapeRight UIInterfaceOrientationPortrait UIInterfaceOrientationPortraitUpsideDown";
				IPHONEOS_DEPLOYMENT_TARGET = 17.0;
				LD_RUNPATH_SEARCH_PATHS = (
					"$(inherited)",
					"@executable_path/Frameworks",
				);
				MARKETING_VERSION = 1.0;
				PRODUCT_BUNDLE_IDENTIFIER = com.salakhovilfat.EditorPhoto;
				PRODUCT_NAME = "$(TARGET_NAME)";
				SUPPORTED_PLATFORMS = "iphoneos iphonesimulator";
				SUPPORTS_MACCATALYST = NO;
				SUPPORTS_MAC_DESIGNED_FOR_IPHONE_IPAD = NO;
				SUPPORTS_XR_DESIGNED_FOR_IPHONE_IPAD = NO;
				SWIFT_EMIT_LOC_STRINGS = YES;
				SWIFT_VERSION = 5.0;
				TARGETED_DEVICE_FAMILY = 1;
			};
			name = Debug;
		};
		17A89FA62BF204E000DC436E /* Release */ = {
			isa = XCBuildConfiguration;
			buildSettings = {
				ASSETCATALOG_COMPILER_APPICON_NAME = AppIcon;
				ASSETCATALOG_COMPILER_GLOBAL_ACCENT_COLOR_NAME = AccentColor;
				CODE_SIGN_STYLE = Automatic;
				CURRENT_PROJECT_VERSION = 1;
				DEVELOPMENT_ASSET_PATHS = "\"EditorPhoto/Preview Content\"";
				DEVELOPMENT_TEAM = 6CZNS4ZZ97;
				ENABLE_PREVIEWS = YES;
				GENERATE_INFOPLIST_FILE = YES;
				INFOPLIST_KEY_NSPhotoLibraryAddUsageDescription = "";
				INFOPLIST_KEY_UIApplicationSceneManifest_Generation = YES;
				INFOPLIST_KEY_UIApplicationSupportsIndirectInputEvents = YES;
				INFOPLIST_KEY_UILaunchScreen_Generation = YES;
				INFOPLIST_KEY_UISupportedInterfaceOrientations = UIInterfaceOrientationPortrait;
				INFOPLIST_KEY_UISupportedInterfaceOrientations_iPad = "UIInterfaceOrientationLandscapeLeft UIInterfaceOrientationLandscapeRight UIInterfaceOrientationPortrait UIInterfaceOrientationPortraitUpsideDown";
				IPHONEOS_DEPLOYMENT_TARGET = 17.0;
				LD_RUNPATH_SEARCH_PATHS = (
					"$(inherited)",
					"@executable_path/Frameworks",
				);
				MARKETING_VERSION = 1.0;
				PRODUCT_BUNDLE_IDENTIFIER = com.salakhovilfat.EditorPhoto;
				PRODUCT_NAME = "$(TARGET_NAME)";
				SUPPORTED_PLATFORMS = "iphoneos iphonesimulator";
				SUPPORTS_MACCATALYST = NO;
				SUPPORTS_MAC_DESIGNED_FOR_IPHONE_IPAD = NO;
				SUPPORTS_XR_DESIGNED_FOR_IPHONE_IPAD = NO;
				SWIFT_EMIT_LOC_STRINGS = YES;
				SWIFT_VERSION = 5.0;
				TARGETED_DEVICE_FAMILY = 1;
			};
			name = Release;
		};
/* End XCBuildConfiguration section */

/* Begin XCConfigurationList section */
		17A89F912BF204DE00DC436E /* Build configuration list for PBXProject "EditorPhoto" */ = {
			isa = XCConfigurationList;
			buildConfigurations = (
				17A89FA22BF204E000DC436E /* Debug */,
				17A89FA32BF204E000DC436E /* Release */,
			);
			defaultConfigurationIsVisible = 0;
			defaultConfigurationName = Release;
		};
		17A89FA42BF204E000DC436E /* Build configuration list for PBXNativeTarget "EditorPhoto" */ = {
			isa = XCConfigurationList;
			buildConfigurations = (
				17A89FA52BF204E000DC436E /* Debug */,
				17A89FA62BF204E000DC436E /* Release */,
			);
			defaultConfigurationIsVisible = 0;
			defaultConfigurationName = Release;
		};
/* End XCConfigurationList section */

/* Begin XCRemoteSwiftPackageReference section */
		17E668DB2BF25437009E2638 /* XCRemoteSwiftPackageReference "firebase-ios-sdk" */ = {
			isa = XCRemoteSwiftPackageReference;
			repositoryURL = "https://github.com/firebase/firebase-ios-sdk.git";
			requirement = {
				kind = upToNextMajorVersion;
				minimumVersion = 10.25.0;
			};
		};
/* End XCRemoteSwiftPackageReference section */

/* Begin XCSwiftPackageProductDependency section */
		17E668DC2BF25438009E2638 /* FirebaseAuth */ = {
			isa = XCSwiftPackageProductDependency;
			package = 17E668DB2BF25437009E2638 /* XCRemoteSwiftPackageReference "firebase-ios-sdk" */;
			productName = FirebaseAuth;
		};
		17E668DE2BF25438009E2638 /* FirebaseAuthCombine-Community */ = {
			isa = XCSwiftPackageProductDependency;
			package = 17E668DB2BF25437009E2638 /* XCRemoteSwiftPackageReference "firebase-ios-sdk" */;
			productName = "FirebaseAuthCombine-Community";
		};
/* End XCSwiftPackageProductDependency section */
	};
	rootObject = 17A89F8E2BF204DE00DC436E /* Project object */;
}
